%{"bbmustache": {:hex, :bbmustache, "1.0.3"},
  "certifi": {:hex, :certifi, "0.3.0"},
  "conform": {:hex, :conform, "0.17.0"},
  "cowboy": {:hex, :cowboy, "1.0.4"},
  "cowlib": {:hex, :cowlib, "1.0.2"},
  "erlware_commons": {:hex, :erlware_commons, "0.15.0"},
  "exrm": {:git, "https://github.com/bitwalker/exrm.git", "399cc3be3927177d5d94b20f075fe5fbeeb52029", []},
  "getopt": {:hex, :getopt, "0.8.2"},
  "gettext": {:git, "https://github.com/elixir-lang/gettext.git", "34036419cd5d4d62b87edeeaf641d709a49e597a", []},
  "hackney": {:hex, :hackney, "1.4.7"},
  "httpoison": {:git, "https://github.com/edgurgel/httpoison.git", "536e3dd6461f859c0790c78e3a01f8fd8d913857", []},
  "idna": {:hex, :idna, "1.0.2"},
  "logger_file_backend": {:git, "https://github.com/onkel-dirtus/logger_file_backend.git", "2539b985f8e9f8ee0a8c9a41b0bc14580ba30656", []},
  "mimerl": {:hex, :mimerl, "1.0.2"},
  "neotoma": {:hex, :neotoma, "1.7.3"},
  "phoenix": {:git, "https://github.com/phoenixframework/phoenix.git", "d1623ab4125406ca016874535ba27a8116d41a9b", []},
  "phoenix_html": {:git, "https://github.com/phoenixframework/phoenix_html.git", "944ebe7896738143b74d1d6ac05d60c2d860f838", []},
  "plug": {:hex, :plug, "1.0.3"},
  "poison": {:hex, :poison, "1.5.0"},
  "providers": {:hex, :providers, "1.4.1"},
  "ranch": {:hex, :ranch, "1.2.0"},
  "relx": {:hex, :relx, "3.5.0"},
  "ssl_verify_hostname": {:hex, :ssl_verify_hostname, "1.0.5"},
  "uuid": {:git, "https://github.com/zyro/elixir-uuid.git", "4d3c5a3fb1f4e7b488f7639678dcb50b944f6282", []}}
