%{"bbmustache": {:hex, :bbmustache, "1.0.3"},
  "certifi": {:hex, :certifi, "0.3.0"},
  "conform": {:hex, :conform, "0.17.0"},
  "cowboy": {:hex, :cowboy, "1.0.4"},
  "cowlib": {:hex, :cowlib, "1.0.2"},
  "erlware_commons": {:hex, :erlware_commons, "0.15.0"},
  "exrm": {:git, "https://github.com/bitwalker/exrm.git", "399cc3be3927177d5d94b20f075fe5fbeeb52029", []},
  "getopt": {:hex, :getopt, "0.8.2"},
  "gettext": {:git, "https://github.com/elixir-lang/gettext.git", "91dc65774d6aa11852981a1d7256b173850ddc3b", []},
  "hackney": {:hex, :hackney, "1.4.6"},
  "httpoison": {:git, "https://github.com/edgurgel/httpoison.git", "87aabe18be27bf25af2a4182b4754cd0a35aa1dd", []},
  "idna": {:hex, :idna, "1.0.2"},
  "logger_file_backend": {:git, "https://github.com/onkel-dirtus/logger_file_backend.git", "fae5c4177ce428167a6fd5f7be660acf0e182ae4", []},
  "mimerl": {:hex, :mimerl, "1.0.0"},
  "neotoma": {:hex, :neotoma, "1.7.3"},
  "phoenix": {:git, "https://github.com/phoenixframework/phoenix.git", "1e65939752dec07c6714c4a5eb07114dfdd60a42", []},
  "phoenix_html": {:git, "https://github.com/phoenixframework/phoenix_html.git", "1939b21bd3d6bfbe04252906553411b48d6fb1c1", []},
  "plug": {:hex, :plug, "1.0.3"},
  "poison": {:hex, :poison, "1.5.0"},
  "providers": {:hex, :providers, "1.4.1"},
  "ranch": {:hex, :ranch, "1.2.0"},
  "relx": {:hex, :relx, "3.5.0"},
  "ssl_verify_hostname": {:hex, :ssl_verify_hostname, "1.0.5"},
  "uuid": {:git, "https://github.com/zyro/elixir-uuid.git", "4d3c5a3fb1f4e7b488f7639678dcb50b944f6282", []}}
