%{"bbmustache": {:hex, :bbmustache, "1.0.3"},
  "certifi": {:hex, :certifi, "0.3.0"},
  "conform": {:hex, :conform, "0.17.0"},
  "cowboy": {:hex, :cowboy, "1.0.4"},
  "cowlib": {:hex, :cowlib, "1.0.2"},
  "erlware_commons": {:hex, :erlware_commons, "0.15.0"},
  "exrm": {:git, "https://github.com/bitwalker/exrm.git", "7a8a02d2812611b51570ed05ae3ad87d7ebcb940", []},
  "getopt": {:hex, :getopt, "0.8.2"},
  "gettext": {:git, "https://github.com/elixir-lang/gettext.git", "629c08ab42f77a9e547e01ee44efcb54605b1ca9", []},
  "hackney": {:hex, :hackney, "1.4.8"},
  "httpoison": {:git, "https://github.com/edgurgel/httpoison.git", "536e3dd6461f859c0790c78e3a01f8fd8d913857", []},
  "idna": {:hex, :idna, "1.0.3"},
  "logger_file_backend": {:git, "https://github.com/onkel-dirtus/logger_file_backend.git", "1a93ad84e12fa79f979fea2a70d1d1b0b1fe2899", []},
  "mimerl": {:hex, :mimerl, "1.0.2"},
  "neotoma": {:hex, :neotoma, "1.7.3"},
  "phoenix": {:git, "https://github.com/phoenixframework/phoenix.git", "740bda4250f17944ae12661e2905724cf0fd00df", []},
  "phoenix_html": {:git, "https://github.com/phoenixframework/phoenix_html.git", "10a6e97d4e553f1f37fe4eec7ae85acb3ec28a49", []},
  "plug": {:hex, :plug, "1.0.3"},
  "poison": {:hex, :poison, "1.5.0"},
  "providers": {:hex, :providers, "1.4.1"},
  "ranch": {:hex, :ranch, "1.2.0"},
  "relx": {:hex, :relx, "3.5.0"},
  "ssl_verify_hostname": {:hex, :ssl_verify_hostname, "1.0.5"},
  "uuid": {:git, "https://github.com/zyro/elixir-uuid.git", "0183bcbe8fef868987232848be256f687ba4e3cb", []}}
